// !$*UTF8*$!
{
	archiveVersion = 1;
	classes = {
	};
	objectVersion = 46;
	objects = {

/* Begin PBXBuildFile section */
		AE4145731DC66E1D00E3B91E /* AppDelegate.swift in Sources */ = {isa = PBXBuildFile; fileRef = AE4145721DC66E1D00E3B91E /* AppDelegate.swift */; };
		AE4145751DC66E1D00E3B91E /* ViewController.swift in Sources */ = {isa = PBXBuildFile; fileRef = AE4145741DC66E1D00E3B91E /* ViewController.swift */; };
		AE4145771DC66E1D00E3B91E /* Assets.xcassets in Resources */ = {isa = PBXBuildFile; fileRef = AE4145761DC66E1D00E3B91E /* Assets.xcassets */; };
		AE41457A1DC66E1D00E3B91E /* Main.storyboard in Resources */ = {isa = PBXBuildFile; fileRef = AE4145781DC66E1D00E3B91E /* Main.storyboard */; };
/* End PBXBuildFile section */

/* Begin PBXFileReference section */
		AE41456F1DC66E1D00E3B91E /* SweepDefaults.app */ = {isa = PBXFileReference; explicitFileType = wrapper.application; includeInIndex = 0; path = SweepDefaults.app; sourceTree = BUILT_PRODUCTS_DIR; };
		AE4145721DC66E1D00E3B91E /* AppDelegate.swift */ = {isa = PBXFileReference; lastKnownFileType = sourcecode.swift; path = AppDelegate.swift; sourceTree = "<group>"; };
		AE4145741DC66E1D00E3B91E /* ViewController.swift */ = {isa = PBXFileReference; lastKnownFileType = sourcecode.swift; path = ViewController.swift; sourceTree = "<group>"; };
		AE4145761DC66E1D00E3B91E /* Assets.xcassets */ = {isa = PBXFileReference; lastKnownFileType = folder.assetcatalog; path = Assets.xcassets; sourceTree = "<group>"; };
		AE4145791DC66E1D00E3B91E /* Base */ = {isa = PBXFileReference; lastKnownFileType = file.storyboard; name = Base; path = Base.lproj/Main.storyboard; sourceTree = "<group>"; };
		AE41457B1DC66E1D00E3B91E /* Info.plist */ = {isa = PBXFileReference; lastKnownFileType = text.plist.xml; path = Info.plist; sourceTree = "<group>"; };
/* End PBXFileReference section */

/* Begin PBXFrameworksBuildPhase section */
		AE41456C1DC66E1D00E3B91E /* Frameworks */ = {
			isa = PBXFrameworksBuildPhase;
			buildActionMask = 2147483647;
			files = (
			);
			runOnlyForDeploymentPostprocessing = 0;
		};
/* End PBXFrameworksBuildPhase section */

/* Begin PBXGroup section */
		AE4145661DC66E1D00E3B91E = {
			isa = PBXGroup;
			children = (
				AE4145711DC66E1D00E3B91E /* SweepDefaults */,
				AE4145701DC66E1D00E3B91E /* Products */,
			);
			sourceTree = "<group>";
		};
		AE4145701DC66E1D00E3B91E /* Products */ = {
			isa = PBXGroup;
			children = (
				AE41456F1DC66E1D00E3B91E /* SweepDefaults.app */,
			);
			name = Products;
			sourceTree = "<group>";
		};
		AE4145711DC66E1D00E3B91E /* SweepDefaults */ = {
			isa = PBXGroup;
			children = (
				AE4145721DC66E1D00E3B91E /* AppDelegate.swift */,
				AE4145741DC66E1D00E3B91E /* ViewController.swift */,
				AE4145761DC66E1D00E3B91E /* Assets.xcassets */,
				AE4145781DC66E1D00E3B91E /* Main.storyboard */,
				AE41457B1DC66E1D00E3B91E /* Info.plist */,
			);
			path = SweepDefaults;
			sourceTree = "<group>";
		};
/* End PBXGroup section */

/* Begin PBXNativeTarget section */
		AE41456E1DC66E1D00E3B91E /* SweepDefaults */ = {
			isa = PBXNativeTarget;
			buildConfigurationList = AE41457E1DC66E1D00E3B91E /* Build configuration list for PBXNativeTarget "SweepDefaults" */;
			buildPhases = (
				AE41456B1DC66E1D00E3B91E /* Sources */,
				AE41456C1DC66E1D00E3B91E /* Frameworks */,
				AE41456D1DC66E1D00E3B91E /* Resources */,
			);
			buildRules = (
			);
			dependencies = (
			);
			name = SweepDefaults;
			productName = SweepDefaults;
			productReference = AE41456F1DC66E1D00E3B91E /* SweepDefaults.app */;
			productType = "com.apple.product-type.application";
		};
/* End PBXNativeTarget section */

/* Begin PBXProject section */
		AE4145671DC66E1D00E3B91E /* Project object */ = {
			isa = PBXProject;
			attributes = {
				LastSwiftUpdateCheck = 0810;
				LastUpgradeCheck = 0810;
				ORGANIZATIONNAME = kokodev.de;
				TargetAttributes = {
					AE41456E1DC66E1D00E3B91E = {
						CreatedOnToolsVersion = 8.1;
						ProvisioningStyle = Automatic;
					};
				};
			};
			buildConfigurationList = AE41456A1DC66E1D00E3B91E /* Build configuration list for PBXProject "SweepDefaults" */;
			compatibilityVersion = "Xcode 3.2";
			developmentRegion = English;
			hasScannedForEncodings = 0;
			knownRegions = (
				en,
				Base,
			);
			mainGroup = AE4145661DC66E1D00E3B91E;
			productRefGroup = AE4145701DC66E1D00E3B91E /* Products */;
			projectDirPath = "";
			projectRoot = "";
			targets = (
				AE41456E1DC66E1D00E3B91E /* SweepDefaults */,
			);
		};
/* End PBXProject section */

/* Begin PBXResourcesBuildPhase section */
		AE41456D1DC66E1D00E3B91E /* Resources */ = {
			isa = PBXResourcesBuildPhase;
			buildActionMask = 2147483647;
			files = (
				AE4145771DC66E1D00E3B91E /* Assets.xcassets in Resources */,
				AE41457A1DC66E1D00E3B91E /* Main.storyboard in Resources */,
			);
			runOnlyForDeploymentPostprocessing = 0;
		};
/* End PBXResourcesBuildPhase section */

/* Begin PBXSourcesBuildPhase section */
		AE41456B1DC66E1D00E3B91E /* Sources */ = {
			isa = PBXSourcesBuildPhase;
			buildActionMask = 2147483647;
			files = (
				AE4145751DC66E1D00E3B91E /* ViewController.swift in Sources */,
				AE4145731DC66E1D00E3B91E /* AppDelegate.swift in Sources */,
			);
			runOnlyForDeploymentPostprocessing = 0;
		};
/* End PBXSourcesBuildPhase section */

/* Begin PBXVariantGroup section */
		AE4145781DC66E1D00E3B91E /* Main.storyboard */ = {
			isa = PBXVariantGroup;
			children = (
				AE4145791DC66E1D00E3B91E /* Base */,
			);
			name = Main.storyboard;
			sourceTree = "<group>";
		};
/* End PBXVariantGroup section */

/* Begin XCBuildConfiguration section */
		AE41457C1DC66E1D00E3B91E /* Debug */ = {
			isa = XCBuildConfiguration;
			buildSettings = {
				ALWAYS_SEARCH_USER_PATHS = NO;
				CLANG_ANALYZER_NONNULL = YES;
				CLANG_CXX_LANGUAGE_STANDARD = "gnu++0x";
				CLANG_CXX_LIBRARY = "libc++";
				CLANG_ENABLE_MODULES = YES;
				CLANG_ENABLE_OBJC_ARC = YES;
				CLANG_WARN_BOOL_CONVERSION = YES;
				CLANG_WARN_CONSTANT_CONVERSION = YES;
				CLANG_WARN_DIRECT_OBJC_ISA_USAGE = YES_ERROR;
				CLANG_WARN_DOCUMENTATION_COMMENTS = YES;
				CLANG_WARN_EMPTY_BODY = YES;
				CLANG_WARN_ENUM_CONVERSION = YES;
				CLANG_WARN_INFINITE_RECURSION = YES;
				CLANG_WARN_INT_CONVERSION = YES;
				CLANG_WARN_OBJC_ROOT_CLASS = YES_ERROR;
				CLANG_WARN_SUSPICIOUS_MOVES = YES;
				CLANG_WARN_UNREACHABLE_CODE = YES;
				CLANG_WARN__DUPLICATE_METHOD_MATCH = YES;
				CODE_SIGN_IDENTITY = "-";
				COPY_PHASE_STRIP = NO;
				DEBUG_INFORMATION_FORMAT = dwarf;
				ENABLE_STRICT_OBJC_MSGSEND = YES;
				ENABLE_TESTABILITY = YES;
				GCC_C_LANGUAGE_STANDARD = gnu99;
				GCC_DYNAMIC_NO_PIC = NO;
				GCC_NO_COMMON_BLOCKS = YES;
				GCC_OPTIMIZATION_LEVEL = 0;
				GCC_PREPROCESSOR_DEFINITIONS = (
					"DEBUG=1",
					"$(inherited)",
				);
				GCC_WARN_64_TO_32_BIT_CONVERSION = YES;
				GCC_WARN_ABOUT_RETURN_TYPE = YES_ERROR;
				GCC_WARN_UNDECLARED_SELECTOR = YES;
				GCC_WARN_UNINITIALIZED_AUTOS = YES_AGGRESSIVE;
				GCC_WARN_UNUSED_FUNCTION = YES;
				GCC_WARN_UNUSED_VARIABLE = YES;
				MACOSX_DEPLOYMENT_TARGET = 10.12;
				MTL_ENABLE_DEBUG_INFO = YES;
				ONLY_ACTIVE_ARCH = YES;
				SDKROOT = macosx;
				SWIFT_ACTIVE_COMPILATION_CONDITIONS = DEBUG;
				SWIFT_OPTIMIZATION_LEVEL = "-Onone";
			};
			name = Debug;
		};
		AE41457D1DC66E1D00E3B91E /* Release */ = {
			isa = XCBuildConfiguration;
			buildSettings = {
				ALWAYS_SEARCH_USER_PATHS = NO;
				CLANG_ANALYZER_NONNULL = YES;
				CLANG_CXX_LANGUAGE_STANDARD = "gnu++0x";
				CLANG_CXX_LIBRARY = "libc++";
				CLANG_ENABLE_MODULES = YES;
				CLANG_ENABLE_OBJC_ARC = YES;
				CLANG_WARN_BOOL_CONVERSION = YES;
				CLANG_WARN_CONSTANT_CONVERSION = YES;
				CLANG_WARN_DIRECT_OBJC_ISA_USAGE = YES_ERROR;
				CLANG_WARN_DOCUMENTATION_COMMENTS = YES;
				CLANG_WARN_EMPTY_BODY = YES;
				CLANG_WARN_ENUM_CONVERSION = YES;
				CLANG_WARN_INFINITE_RECURSION = YES;
				CLANG_WARN_INT_CONVERSION = YES;
				CLANG_WARN_OBJC_ROOT_CLASS = YES_ERROR;
				CLANG_WARN_SUSPICIOUS_MOVES = YES;
				CLANG_WARN_UNREACHABLE_CODE = YES;
				CLANG_WARN__DUPLICATE_METHOD_MATCH = YES;
				CODE_SIGN_IDENTITY = "-";
				COPY_PHASE_STRIP = NO;
				DEBUG_INFORMATION_FORMAT = "dwarf-with-dsym";
				ENABLE_NS_ASSERTIONS = NO;
				ENABLE_STRICT_OBJC_MSGSEND = YES;
				GCC_C_LANGUAGE_STANDARD = gnu99;
				GCC_NO_COMMON_BLOCKS = YES;
				GCC_WARN_64_TO_32_BIT_CONVERSION = YES;
				GCC_WARN_ABOUT_RETURN_TYPE = YES_ERROR;
				GCC_WARN_UNDECLARED_SELECTOR = YES;
				GCC_WARN_UNINITIALIZED_AUTOS = YES_AGGRESSIVE;
				GCC_WARN_UNUSED_FUNCTION = YES;
				GCC_WARN_UNUSED_VARIABLE = YES;
				MACOSX_DEPLOYMENT_TARGET = 10.12;
				MTL_ENABLE_DEBUG_INFO = NO;
				SDKROOT = macosx;
				SWIFT_OPTIMIZATION_LEVEL = "-Owholemodule";
			};
			name = Release;
		};
		AE41457F1DC66E1D00E3B91E /* Debug */ = {
			isa = XCBuildConfiguration;
			buildSettings = {
				ASSETCATALOG_COMPILER_APPICON_NAME = AppIcon;
				COMBINE_HIDPI_IMAGES = YES;
				INFOPLIST_FILE = SweepDefaults/Info.plist;
				LD_RUNPATH_SEARCH_PATHS = "$(inherited) @executable_path/../Frameworks";
				PRODUCT_BUNDLE_IDENTIFIER = de.kokodev.SweepDefaults;
				PRODUCT_NAME = "$(TARGET_NAME)";
				SWIFT_VERSION = 3.0;
			};
			name = Debug;
		};
		AE4145801DC66E1D00E3B91E /* Release */ = {
			isa = XCBuildConfiguration;
			buildSettings = {
				ASSETCATALOG_COMPILER_APPICON_NAME = AppIcon;
				COMBINE_HIDPI_IMAGES = YES;
				INFOPLIST_FILE = SweepDefaults/Info.plist;
				LD_RUNPATH_SEARCH_PATHS = "$(inherited) @executable_path/../Frameworks";
				PRODUCT_BUNDLE_IDENTIFIER = de.kokodev.SweepDefaults;
				PRODUCT_NAME = "$(TARGET_NAME)";
				SWIFT_VERSION = 3.0;
			};
			name = Release;
		};
/* End XCBuildConfiguration section */

/* Begin XCConfigurationList section */
		AE41456A1DC66E1D00E3B91E /* Build configuration list for PBXProject "SweepDefaults" */ = {
			isa = XCConfigurationList;
			buildConfigurations = (
				AE41457C1DC66E1D00E3B91E /* Debug */,
				AE41457D1DC66E1D00E3B91E /* Release */,
			);
			defaultConfigurationIsVisible = 0;
			defaultConfigurationName = Release;
		};
		AE41457E1DC66E1D00E3B91E /* Build configuration list for PBXNativeTarget "SweepDefaults" */ = {
			isa = XCConfigurationList;
			buildConfigurations = (
				AE41457F1DC66E1D00E3B91E /* Debug */,
				AE4145801DC66E1D00E3B91E /* Release */,
			);
			defaultConfigurationIsVisible = 0;
			defaultConfigurationName = Release;
		};
/* End XCConfigurationList section */
	};
	rootObject = AE4145671DC66E1D00E3B91E /* Project object */;
}
